
Microsoft Visual Studio Solution File, Format Version 12.00
# Visual Studio 15
Project("{FAE04EC0-301F-11D3-BF4B-00C04F79EFBC}") = "CatalogWebsite", "CatalogWebsite\CatalogWebsite.csproj", "{FF17C339-2807-46BA-A9E5-7E26AE743F55}"
EndProject
Global
	GlobalSection(SolutionConfigurationPlatforms) = preSolution
		Debug|Any CPU = Debug|Any CPU
		Release|Any CPU = Release|Any CPU
	EndGlobalSection
	GlobalSection(ProjectConfigurationPlatforms) = postSolution
		{FF17C339-2807-46BA-A9E5-7E26AE743F55}.Debug|Any CPU.ActiveCfg = Debug|Any CPU
		{FF17C339-2807-46BA-A9E5-7E26AE743F55}.Debug|Any CPU.Build.0 = Debug|Any CPU
		{FF17C339-2807-46BA-A9E5-7E26AE743F55}.Release|Any CPU.ActiveCfg = Release|Any CPU
		{FF17C339-2807-46BA-A9E5-7E26AE743F55}.Release|Any CPU.Build.0 = Release|Any CPU
	EndGlobalSection
EndGlobal
